// !$*UTF8*$!
{
	archiveVersion = 1;
	classes = {
	};
	objectVersion = 46;
	objects = {

/* Begin PBXBuildFile section */
		C54E91641DB4790D006D16BD /* CHScreenShot.podspec in Resources */ = {isa = PBXBuildFile; fileRef = C54E91611DB4790D006D16BD /* CHScreenShot.podspec */; };
		C54E91651DB4790D006D16BD /* LICENSE in Resources */ = {isa = PBXBuildFile; fileRef = C54E91621DB4790D006D16BD /* LICENSE */; };
		C54E91661DB4790D006D16BD /* README.md in Sources */ = {isa = PBXBuildFile; fileRef = C54E91631DB4790D006D16BD /* README.md */; };
		C590658D1DB315B3008A2BED /* AppDelegate.swift in Sources */ = {isa = PBXBuildFile; fileRef = C590658C1DB315B3008A2BED /* AppDelegate.swift */; };
		C590658F1DB315B3008A2BED /* ViewController.swift in Sources */ = {isa = PBXBuildFile; fileRef = C590658E1DB315B3008A2BED /* ViewController.swift */; };
		C59065921DB315B3008A2BED /* Main.storyboard in Resources */ = {isa = PBXBuildFile; fileRef = C59065901DB315B3008A2BED /* Main.storyboard */; };
		C59065941DB315B3008A2BED /* Assets.xcassets in Resources */ = {isa = PBXBuildFile; fileRef = C59065931DB315B3008A2BED /* Assets.xcassets */; };
		C59065971DB315B3008A2BED /* LaunchScreen.storyboard in Resources */ = {isa = PBXBuildFile; fileRef = C59065951DB315B3008A2BED /* LaunchScreen.storyboard */; };
		C59065A91DB31683008A2BED /* CHScreenShotManager.swift in Sources */ = {isa = PBXBuildFile; fileRef = C590659F1DB31683008A2BED /* CHScreenShotManager.swift */; };
		C59065AA1DB31683008A2BED /* CHShareImageView.swift in Sources */ = {isa = PBXBuildFile; fileRef = C59065A01DB31683008A2BED /* CHShareImageView.swift */; };
		C59065AB1DB31683008A2BED /* CHShowScreenShotView.swift in Sources */ = {isa = PBXBuildFile; fileRef = C59065A11DB31683008A2BED /* CHShowScreenShotView.swift */; };
		C59065B01DB31683008A2BED /* Localizable.strings in Resources */ = {isa = PBXBuildFile; fileRef = C59065A71DB31683008A2BED /* Localizable.strings */; };
		C59065B11DB31683008A2BED /* ShareViewController.swift in Sources */ = {isa = PBXBuildFile; fileRef = C59065A81DB31683008A2BED /* ShareViewController.swift */; };
		C59065B71DB374D2008A2BED /* CHScreenShotExtension.swift in Sources */ = {isa = PBXBuildFile; fileRef = C59065B61DB374D2008A2BED /* CHScreenShotExtension.swift */; };
/* End PBXBuildFile section */

/* Begin PBXFileReference section */
		C54E91611DB4790D006D16BD /* CHScreenShot.podspec */ = {isa = PBXFileReference; fileEncoding = 4; lastKnownFileType = text; name = CHScreenShot.podspec; path = ../CHScreenShot.podspec; sourceTree = "<group>"; };
		C54E91621DB4790D006D16BD /* LICENSE */ = {isa = PBXFileReference; fileEncoding = 4; lastKnownFileType = text; name = LICENSE; path = ../LICENSE; sourceTree = "<group>"; };
		C54E91631DB4790D006D16BD /* README.md */ = {isa = PBXFileReference; fileEncoding = 4; lastKnownFileType = net.daringfireball.markdown; name = README.md; path = ../README.md; sourceTree = "<group>"; };
		C59065891DB315B3008A2BED /* CHScreenShot.app */ = {isa = PBXFileReference; explicitFileType = wrapper.application; includeInIndex = 0; path = CHScreenShot.app; sourceTree = BUILT_PRODUCTS_DIR; };
		C590658C1DB315B3008A2BED /* AppDelegate.swift */ = {isa = PBXFileReference; lastKnownFileType = sourcecode.swift; lineEnding = 0; path = AppDelegate.swift; sourceTree = "<group>"; xcLanguageSpecificationIdentifier = xcode.lang.swift; };
		C590658E1DB315B3008A2BED /* ViewController.swift */ = {isa = PBXFileReference; lastKnownFileType = sourcecode.swift; lineEnding = 0; path = ViewController.swift; sourceTree = "<group>"; xcLanguageSpecificationIdentifier = xcode.lang.swift; };
		C59065911DB315B3008A2BED /* Base */ = {isa = PBXFileReference; lastKnownFileType = file.storyboard; name = Base; path = Base.lproj/Main.storyboard; sourceTree = "<group>"; };
		C59065931DB315B3008A2BED /* Assets.xcassets */ = {isa = PBXFileReference; lastKnownFileType = folder.assetcatalog; path = Assets.xcassets; sourceTree = "<group>"; };
		C59065961DB315B3008A2BED /* Base */ = {isa = PBXFileReference; lastKnownFileType = file.storyboard; name = Base; path = Base.lproj/LaunchScreen.storyboard; sourceTree = "<group>"; };
		C59065981DB315B3008A2BED /* Info.plist */ = {isa = PBXFileReference; lastKnownFileType = text.plist.xml; path = Info.plist; sourceTree = "<group>"; };
		C590659F1DB31683008A2BED /* CHScreenShotManager.swift */ = {isa = PBXFileReference; fileEncoding = 4; lastKnownFileType = sourcecode.swift; lineEnding = 0; path = CHScreenShotManager.swift; sourceTree = "<group>"; xcLanguageSpecificationIdentifier = xcode.lang.swift; };
		C59065A01DB31683008A2BED /* CHShareImageView.swift */ = {isa = PBXFileReference; fileEncoding = 4; lastKnownFileType = sourcecode.swift; lineEnding = 0; path = CHShareImageView.swift; sourceTree = "<group>"; xcLanguageSpecificationIdentifier = xcode.lang.swift; };
		C59065A11DB31683008A2BED /* CHShowScreenShotView.swift */ = {isa = PBXFileReference; fileEncoding = 4; lastKnownFileType = sourcecode.swift; lineEnding = 0; path = CHShowScreenShotView.swift; sourceTree = "<group>"; xcLanguageSpecificationIdentifier = xcode.lang.swift; };
		C59065A71DB31683008A2BED /* Localizable.strings */ = {isa = PBXFileReference; fileEncoding = 4; lastKnownFileType = text.plist.strings; lineEnding = 0; path = Localizable.strings; sourceTree = "<group>"; xcLanguageSpecificationIdentifier = xcode.lang.simpleColoring; };
		C59065A81DB31683008A2BED /* ShareViewController.swift */ = {isa = PBXFileReference; fileEncoding = 4; lastKnownFileType = sourcecode.swift; lineEnding = 0; path = ShareViewController.swift; sourceTree = "<group>"; xcLanguageSpecificationIdentifier = xcode.lang.swift; };
		C59065B61DB374D2008A2BED /* CHScreenShotExtension.swift */ = {isa = PBXFileReference; fileEncoding = 4; lastKnownFileType = sourcecode.swift; path = CHScreenShotExtension.swift; sourceTree = "<group>"; };
/* End PBXFileReference section */

/* Begin PBXFrameworksBuildPhase section */
		C59065861DB315B3008A2BED /* Frameworks */ = {
			isa = PBXFrameworksBuildPhase;
			buildActionMask = 2147483647;
			files = (
			);
			runOnlyForDeploymentPostprocessing = 0;
		};
/* End PBXFrameworksBuildPhase section */

/* Begin PBXGroup section */
		C59065801DB315B3008A2BED = {
			isa = PBXGroup;
			children = (
				C54E91611DB4790D006D16BD /* CHScreenShot.podspec */,
				C54E91621DB4790D006D16BD /* LICENSE */,
				C54E91631DB4790D006D16BD /* README.md */,
				C590658B1DB315B3008A2BED /* CHScreenShot */,
				C590658A1DB315B3008A2BED /* Products */,
			);
			sourceTree = "<group>";
		};
		C590658A1DB315B3008A2BED /* Products */ = {
			isa = PBXGroup;
			children = (
				C59065891DB315B3008A2BED /* CHScreenShot.app */,
			);
			name = Products;
			sourceTree = "<group>";
		};
		C590658B1DB315B3008A2BED /* CHScreenShot */ = {
			isa = PBXGroup;
			children = (
				C590659E1DB31683008A2BED /* classes */,
				C590658C1DB315B3008A2BED /* AppDelegate.swift */,
				C590658E1DB315B3008A2BED /* ViewController.swift */,
				C59065A81DB31683008A2BED /* ShareViewController.swift */,
				C59065901DB315B3008A2BED /* Main.storyboard */,
				C59065A71DB31683008A2BED /* Localizable.strings */,
				C59065931DB315B3008A2BED /* Assets.xcassets */,
				C59065951DB315B3008A2BED /* LaunchScreen.storyboard */,
				C59065981DB315B3008A2BED /* Info.plist */,
			);
			path = CHScreenShot;
			sourceTree = "<group>";
		};
		C590659E1DB31683008A2BED /* classes */ = {
			isa = PBXGroup;
			children = (
				C59065B61DB374D2008A2BED /* CHScreenShotExtension.swift */,
				C590659F1DB31683008A2BED /* CHScreenShotManager.swift */,
				C59065A01DB31683008A2BED /* CHShareImageView.swift */,
				C59065A11DB31683008A2BED /* CHShowScreenShotView.swift */,
			);
			path = classes;
			sourceTree = "<group>";
		};
/* End PBXGroup section */

/* Begin PBXNativeTarget section */
		C59065881DB315B3008A2BED /* CHScreenShot */ = {
			isa = PBXNativeTarget;
			buildConfigurationList = C590659B1DB315B3008A2BED /* Build configuration list for PBXNativeTarget "CHScreenShot" */;
			buildPhases = (
				C59065851DB315B3008A2BED /* Sources */,
				C59065861DB315B3008A2BED /* Frameworks */,
				C59065871DB315B3008A2BED /* Resources */,
			);
			buildRules = (
			);
			dependencies = (
			);
			name = CHScreenShot;
			productName = CHScreenShot;
			productReference = C59065891DB315B3008A2BED /* CHScreenShot.app */;
			productType = "com.apple.product-type.application";
		};
/* End PBXNativeTarget section */

/* Begin PBXProject section */
		C59065811DB315B3008A2BED /* Project object */ = {
			isa = PBXProject;
			attributes = {
				LastSwiftUpdateCheck = 0800;
				LastUpgradeCheck = 0800;
				ORGANIZATIONNAME = bitbank;
				TargetAttributes = {
					C59065881DB315B3008A2BED = {
						CreatedOnToolsVersion = 8.0;
						ProvisioningStyle = Automatic;
					};
				};
			};
			buildConfigurationList = C59065841DB315B3008A2BED /* Build configuration list for PBXProject "CHScreenShot" */;
			compatibilityVersion = "Xcode 3.2";
			developmentRegion = English;
			hasScannedForEncodings = 0;
			knownRegions = (
				en,
				Base,
			);
			mainGroup = C59065801DB315B3008A2BED;
			productRefGroup = C590658A1DB315B3008A2BED /* Products */;
			projectDirPath = "";
			projectRoot = "";
			targets = (
				C59065881DB315B3008A2BED /* CHScreenShot */,
			);
		};
/* End PBXProject section */

/* Begin PBXResourcesBuildPhase section */
		C59065871DB315B3008A2BED /* Resources */ = {
			isa = PBXResourcesBuildPhase;
			buildActionMask = 2147483647;
			files = (
				C54E91651DB4790D006D16BD /* LICENSE in Resources */,
				C59065971DB315B3008A2BED /* LaunchScreen.storyboard in Resources */,
				C54E91641DB4790D006D16BD /* CHScreenShot.podspec in Resources */,
				C59065B01DB31683008A2BED /* Localizable.strings in Resources */,
				C59065941DB315B3008A2BED /* Assets.xcassets in Resources */,
				C59065921DB315B3008A2BED /* Main.storyboard in Resources */,
			);
			runOnlyForDeploymentPostprocessing = 0;
		};
/* End PBXResourcesBuildPhase section */

/* Begin PBXSourcesBuildPhase section */
		C59065851DB315B3008A2BED /* Sources */ = {
			isa = PBXSourcesBuildPhase;
			buildActionMask = 2147483647;
			files = (
				C590658F1DB315B3008A2BED /* ViewController.swift in Sources */,
				C59065B11DB31683008A2BED /* ShareViewController.swift in Sources */,
				C59065AB1DB31683008A2BED /* CHShowScreenShotView.swift in Sources */,
				C59065A91DB31683008A2BED /* CHScreenShotManager.swift in Sources */,
				C59065B71DB374D2008A2BED /* CHScreenShotExtension.swift in Sources */,
				C59065AA1DB31683008A2BED /* CHShareImageView.swift in Sources */,
				C54E91661DB4790D006D16BD /* README.md in Sources */,
				C590658D1DB315B3008A2BED /* AppDelegate.swift in Sources */,
			);
			runOnlyForDeploymentPostprocessing = 0;
		};
/* End PBXSourcesBuildPhase section */

/* Begin PBXVariantGroup section */
		C59065901DB315B3008A2BED /* Main.storyboard */ = {
			isa = PBXVariantGroup;
			children = (
				C59065911DB315B3008A2BED /* Base */,
			);
			name = Main.storyboard;
			sourceTree = "<group>";
		};
		C59065951DB315B3008A2BED /* LaunchScreen.storyboard */ = {
			isa = PBXVariantGroup;
			children = (
				C59065961DB315B3008A2BED /* Base */,
			);
			name = LaunchScreen.storyboard;
			sourceTree = "<group>";
		};
/* End PBXVariantGroup section */

/* Begin XCBuildConfiguration section */
		C59065991DB315B3008A2BED /* Debug */ = {
			isa = XCBuildConfiguration;
			buildSettings = {
				ALWAYS_SEARCH_USER_PATHS = NO;
				CLANG_ANALYZER_NONNULL = YES;
				CLANG_CXX_LANGUAGE_STANDARD = "gnu++0x";
				CLANG_CXX_LIBRARY = "libc++";
				CLANG_ENABLE_MODULES = YES;
				CLANG_ENABLE_OBJC_ARC = YES;
				CLANG_WARN_BOOL_CONVERSION = YES;
				CLANG_WARN_CONSTANT_CONVERSION = YES;
				CLANG_WARN_DIRECT_OBJC_ISA_USAGE = YES_ERROR;
				CLANG_WARN_DOCUMENTATION_COMMENTS = YES;
				CLANG_WARN_EMPTY_BODY = YES;
				CLANG_WARN_ENUM_CONVERSION = YES;
				CLANG_WARN_INFINITE_RECURSION = YES;
				CLANG_WARN_INT_CONVERSION = YES;
				CLANG_WARN_OBJC_ROOT_CLASS = YES_ERROR;
				CLANG_WARN_SUSPICIOUS_MOVES = YES;
				CLANG_WARN_UNREACHABLE_CODE = YES;
				CLANG_WARN__DUPLICATE_METHOD_MATCH = YES;
				"CODE_SIGN_IDENTITY[sdk=iphoneos*]" = "iPhone Developer";
				COPY_PHASE_STRIP = NO;
				DEBUG_INFORMATION_FORMAT = dwarf;
				ENABLE_STRICT_OBJC_MSGSEND = YES;
				ENABLE_TESTABILITY = YES;
				GCC_C_LANGUAGE_STANDARD = gnu99;
				GCC_DYNAMIC_NO_PIC = NO;
				GCC_NO_COMMON_BLOCKS = YES;
				GCC_OPTIMIZATION_LEVEL = 0;
				GCC_PREPROCESSOR_DEFINITIONS = (
					"DEBUG=1",
					"$(inherited)",
				);
				GCC_WARN_64_TO_32_BIT_CONVERSION = YES;
				GCC_WARN_ABOUT_RETURN_TYPE = YES_ERROR;
				GCC_WARN_UNDECLARED_SELECTOR = YES;
				GCC_WARN_UNINITIALIZED_AUTOS = YES_AGGRESSIVE;
				GCC_WARN_UNUSED_FUNCTION = YES;
				GCC_WARN_UNUSED_VARIABLE = YES;
				IPHONEOS_DEPLOYMENT_TARGET = 10.0;
				MTL_ENABLE_DEBUG_INFO = YES;
				ONLY_ACTIVE_ARCH = YES;
				SDKROOT = iphoneos;
				SWIFT_ACTIVE_COMPILATION_CONDITIONS = DEBUG;
				SWIFT_OPTIMIZATION_LEVEL = "-Onone";
				TARGETED_DEVICE_FAMILY = "1,2";
			};
			name = Debug;
		};
		C590659A1DB315B3008A2BED /* Release */ = {
			isa = XCBuildConfiguration;
			buildSettings = {
				ALWAYS_SEARCH_USER_PATHS = NO;
				CLANG_ANALYZER_NONNULL = YES;
				CLANG_CXX_LANGUAGE_STANDARD = "gnu++0x";
				CLANG_CXX_LIBRARY = "libc++";
				CLANG_ENABLE_MODULES = YES;
				CLANG_ENABLE_OBJC_ARC = YES;
				CLANG_WARN_BOOL_CONVERSION = YES;
				CLANG_WARN_CONSTANT_CONVERSION = YES;
				CLANG_WARN_DIRECT_OBJC_ISA_USAGE = YES_ERROR;
				CLANG_WARN_DOCUMENTATION_COMMENTS = YES;
				CLANG_WARN_EMPTY_BODY = YES;
				CLANG_WARN_ENUM_CONVERSION = YES;
				CLANG_WARN_INFINITE_RECURSION = YES;
				CLANG_WARN_INT_CONVERSION = YES;
				CLANG_WARN_OBJC_ROOT_CLASS = YES_ERROR;
				CLANG_WARN_SUSPICIOUS_MOVES = YES;
				CLANG_WARN_UNREACHABLE_CODE = YES;
				CLANG_WARN__DUPLICATE_METHOD_MATCH = YES;
				"CODE_SIGN_IDENTITY[sdk=iphoneos*]" = "iPhone Developer";
				COPY_PHASE_STRIP = NO;
				DEBUG_INFORMATION_FORMAT = "dwarf-with-dsym";
				ENABLE_NS_ASSERTIONS = NO;
				ENABLE_STRICT_OBJC_MSGSEND = YES;
				GCC_C_LANGUAGE_STANDARD = gnu99;
				GCC_NO_COMMON_BLOCKS = YES;
				GCC_WARN_64_TO_32_BIT_CONVERSION = YES;
				GCC_WARN_ABOUT_RETURN_TYPE = YES_ERROR;
				GCC_WARN_UNDECLARED_SELECTOR = YES;
				GCC_WARN_UNINITIALIZED_AUTOS = YES_AGGRESSIVE;
				GCC_WARN_UNUSED_FUNCTION = YES;
				GCC_WARN_UNUSED_VARIABLE = YES;
				IPHONEOS_DEPLOYMENT_TARGET = 10.0;
				MTL_ENABLE_DEBUG_INFO = NO;
				SDKROOT = iphoneos;
				SWIFT_OPTIMIZATION_LEVEL = "-Owholemodule";
				TARGETED_DEVICE_FAMILY = "1,2";
				VALIDATE_PRODUCT = YES;
			};
			name = Release;
		};
		C590659C1DB315B3008A2BED /* Debug */ = {
			isa = XCBuildConfiguration;
			buildSettings = {
				ASSETCATALOG_COMPILER_APPICON_NAME = AppIcon;
				DEVELOPMENT_TEAM = "";
				INFOPLIST_FILE = CHScreenShot/Info.plist;
				LD_RUNPATH_SEARCH_PATHS = "$(inherited) @executable_path/Frameworks";
				PRODUCT_BUNDLE_IDENTIFIER = com.bitbank.app.components.CHScreenShot;
				PRODUCT_NAME = "$(TARGET_NAME)";
				SWIFT_VERSION = 4.0;
			};
			name = Debug;
		};
		C590659D1DB315B3008A2BED /* Release */ = {
			isa = XCBuildConfiguration;
			buildSettings = {
				ASSETCATALOG_COMPILER_APPICON_NAME = AppIcon;
				DEVELOPMENT_TEAM = "";
				INFOPLIST_FILE = CHScreenShot/Info.plist;
				LD_RUNPATH_SEARCH_PATHS = "$(inherited) @executable_path/Frameworks";
				PRODUCT_BUNDLE_IDENTIFIER = com.bitbank.app.components.CHScreenShot;
				PRODUCT_NAME = "$(TARGET_NAME)";
				SWIFT_VERSION = 4.0;
			};
			name = Release;
		};
/* End XCBuildConfiguration section */

/* Begin XCConfigurationList section */
		C59065841DB315B3008A2BED /* Build configuration list for PBXProject "CHScreenShot" */ = {
			isa = XCConfigurationList;
			buildConfigurations = (
				C59065991DB315B3008A2BED /* Debug */,
				C590659A1DB315B3008A2BED /* Release */,
			);
			defaultConfigurationIsVisible = 0;
			defaultConfigurationName = Release;
		};
		C590659B1DB315B3008A2BED /* Build configuration list for PBXNativeTarget "CHScreenShot" */ = {
			isa = XCConfigurationList;
			buildConfigurations = (
				C590659C1DB315B3008A2BED /* Debug */,
				C590659D1DB315B3008A2BED /* Release */,
			);
			defaultConfigurationIsVisible = 0;
			defaultConfigurationName = Release;
		};
/* End XCConfigurationList section */
	};
	rootObject = C59065811DB315B3008A2BED /* Project object */;
}
